{
  "name": "miniprogram-ts-less-quickstart",
  "version": "1.0.0",
  "lockfileVersion": 2,
  "requires": true,
  "packages": {
    "": {
      "name": "miniprogram-ts-less-quickstart",
      "version": "1.0.0",
      "dependencies": {
        "chafingdish": "^1.0.9"
      },
      "devDependencies": {
        "miniprogram-api-typings": "^2.8.3-1"
      }
    },
    "node_modules/chafingdish": {
      "version": "1.0.9",
      "resolved": "https://registry.npmjs.org/chafingdish/-/chafingdish-1.0.9.tgz",
      "integrity": "sha512-hzX9UZJoJMrXfulshE/pO8BV0OUAh1rZ0bcNZ9Railmj3GxG3+Xvu8dgRhq4yn2bHrmumz4d7IgqzKQ/zEueLw==",
      "dependencies": {
        "dayjs": "^1.11.7"
      }
    },
    "node_modules/dayjs": {
      "version": "1.11.7",
      "resolved": "https://registry.npmjs.org/dayjs/-/dayjs-1.11.7.tgz",
      "integrity": "sha512-+Yw9U6YO5TQohxLcIkrXBeY73WP3ejHWVvx8XCk3gxvQDCTEmS48ZrSZCKciI7Bhl/uCMyxYtE9UqRILmFphkQ=="
    },
    "node_modules/miniprogram-api-typings": {
      "version": "2.12.0",
      "resolved": "https://registry.npmjs.org/miniprogram-api-typings/-/miniprogram-api-typings-2.12.0.tgz",
      "integrity": "sha512-ibvbqeslVFur0IAvTxLMvsbtvVcMo6gwvOnj0YZHV7aeDLu091VQRrETT2QuiG9P6aZWRcxeNGJChRKVPCp9VQ==",
      "dev": true
    }
  },
  "dependencies": {
    "chafingdish": {
      "version": "1.0.9",
      "resolved": "https://registry.npmjs.org/chafingdish/-/chafingdish-1.0.9.tgz",
      "integrity": "sha512-hzX9UZJoJMrXfulshE/pO8BV0OUAh1rZ0bcNZ9Railmj3GxG3+Xvu8dgRhq4yn2bHrmumz4d7IgqzKQ/zEueLw==",
      "requires": {
        "dayjs": "^1.11.7"
      }
    },
    "dayjs": {
      "version": "1.11.7",
      "resolved": "https://registry.npmjs.org/dayjs/-/dayjs-1.11.7.tgz",
      "integrity": "sha512-+Yw9U6YO5TQohxLcIkrXBeY73WP3ejHWVvx8XCk3gxvQDCTEmS48ZrSZCKciI7Bhl/uCMyxYtE9UqRILmFphkQ=="
    },
    "miniprogram-api-typings": {
      "version": "2.12.0",
      "resolved": "https://registry.npmjs.org/miniprogram-api-typings/-/miniprogram-api-typings-2.12.0.tgz",
      "integrity": "sha512-ibvbqeslVFur0IAvTxLMvsbtvVcMo6gwvOnj0YZHV7aeDLu091VQRrETT2QuiG9P6aZWRcxeNGJChRKVPCp9VQ==",
      "dev": true
    }
  }
}
